// !$*UTF8*$!
{
	archiveVersion = 1;
	classes = {
	};
	objectVersion = 46;
	objects = {

/* Begin PBXBuildFile section */
		CE1CCF571C7184C1003502C7 /* AwardChecking.m in Sources */ = {isa = PBXBuildFile; fileRef = CE1CCF561C7184C1003502C7 /* AwardChecking.m */; };
		CE1CCF5B1C71AABC003502C7 /* AddBollVCTL.m in Sources */ = {isa = PBXBuildFile; fileRef = CE1CCF591C71AABC003502C7 /* AddBollVCTL.m */; };
		CE1CCF5C1C71AABC003502C7 /* AddBollVCTL.xib in Resources */ = {isa = PBXBuildFile; fileRef = CE1CCF5A1C71AABC003502C7 /* AddBollVCTL.xib */; };
		CE1CCF601C71CEFF003502C7 /* BollCollectionCell.m in Sources */ = {isa = PBXBuildFile; fileRef = CE1CCF5E1C71CEFF003502C7 /* BollCollectionCell.m */; };
		CE1CCF611C71CEFF003502C7 /* BollCollectionCell.xib in Resources */ = {isa = PBXBuildFile; fileRef = CE1CCF5F1C71CEFF003502C7 /* BollCollectionCell.xib */; };
		CE4996861C64684800CBBF8F /* main.m in Sources */ = {isa = PBXBuildFile; fileRef = CE4996851C64684800CBBF8F /* main.m */; };
		CE4996891C64684800CBBF8F /* AppDelegate.m in Sources */ = {isa = PBXBuildFile; fileRef = CE4996881C64684800CBBF8F /* AppDelegate.m */; };
		CE49968C1C64684800CBBF8F /* ViewController.m in Sources */ = {isa = PBXBuildFile; fileRef = CE49968B1C64684800CBBF8F /* ViewController.m */; };
		CE49968F1C64684800CBBF8F /* Main.storyboard in Resources */ = {isa = PBXBuildFile; fileRef = CE49968D1C64684800CBBF8F /* Main.storyboard */; };
		CE4996911C64684800CBBF8F /* Assets.xcassets in Resources */ = {isa = PBXBuildFile; fileRef = CE4996901C64684800CBBF8F /* Assets.xcassets */; };
		CE4996941C64684800CBBF8F /* LaunchScreen.storyboard in Resources */ = {isa = PBXBuildFile; fileRef = CE4996921C64684800CBBF8F /* LaunchScreen.storyboard */; };
		CE49969E1C6469D300CBBF8F /* BuyListVCTL.m in Sources */ = {isa = PBXBuildFile; fileRef = CE49969C1C6469D300CBBF8F /* BuyListVCTL.m */; };
		CE49969F1C6469D300CBBF8F /* BuyListVCTL.xib in Resources */ = {isa = PBXBuildFile; fileRef = CE49969D1C6469D300CBBF8F /* BuyListVCTL.xib */; };
		CE4996A31C6469E500CBBF8F /* ResultVCTL.m in Sources */ = {isa = PBXBuildFile; fileRef = CE4996A11C6469E500CBBF8F /* ResultVCTL.m */; };
		CE4996A41C6469E500CBBF8F /* ResultVCTL.xib in Resources */ = {isa = PBXBuildFile; fileRef = CE4996A21C6469E500CBBF8F /* ResultVCTL.xib */; };
		CE4996A71C646D9700CBBF8F /* BollData.m in Sources */ = {isa = PBXBuildFile; fileRef = CE4996A61C646D9700CBBF8F /* BollData.m */; };
		CE4996AB1C64701B00CBBF8F /* BollCell.m in Sources */ = {isa = PBXBuildFile; fileRef = CE4996A91C64701B00CBBF8F /* BollCell.m */; };
		CE4996AC1C64701B00CBBF8F /* BollCell.xib in Resources */ = {isa = PBXBuildFile; fileRef = CE4996AA1C64701B00CBBF8F /* BollCell.xib */; };
		CE87C2DA1C7424D50085CC4A /* BollDataMgr.m in Sources */ = {isa = PBXBuildFile; fileRef = CE87C2D91C7424D50085CC4A /* BollDataMgr.m */; };
		CECD828A1C73214200EAF9D0 /* FMDatabase.m in Sources */ = {isa = PBXBuildFile; fileRef = CECD827F1C73214200EAF9D0 /* FMDatabase.m */; };
		CECD828B1C73214200EAF9D0 /* FMDatabaseAdditions.m in Sources */ = {isa = PBXBuildFile; fileRef = CECD82811C73214200EAF9D0 /* FMDatabaseAdditions.m */; };
		CECD828C1C73214200EAF9D0 /* FMDatabasePool.m in Sources */ = {isa = PBXBuildFile; fileRef = CECD82831C73214200EAF9D0 /* FMDatabasePool.m */; };
		CECD828D1C73214200EAF9D0 /* FMDatabaseQueue.m in Sources */ = {isa = PBXBuildFile; fileRef = CECD82851C73214200EAF9D0 /* FMDatabaseQueue.m */; };
		CECD828E1C73214200EAF9D0 /* FMResultSet.m in Sources */ = {isa = PBXBuildFile; fileRef = CECD82881C73214200EAF9D0 /* FMResultSet.m */; };
		CECD828F1C73214200EAF9D0 /* Info.plist in Resources */ = {isa = PBXBuildFile; fileRef = CECD82891C73214200EAF9D0 /* Info.plist */; };
		CECD82911C73221200EAF9D0 /* libsqlite3.0.tbd in Frameworks */ = {isa = PBXBuildFile; fileRef = CECD82901C73221200EAF9D0 /* libsqlite3.0.tbd */; };
		CECD82941C73246400EAF9D0 /* StoreMgr.m in Sources */ = {isa = PBXBuildFile; fileRef = CECD82931C73246400EAF9D0 /* StoreMgr.m */; };
/* End PBXBuildFile section */

/* Begin PBXFileReference section */
		CE1CCF551C7184C1003502C7 /* AwardChecking.h */ = {isa = PBXFileReference; fileEncoding = 4; lastKnownFileType = sourcecode.c.h; path = AwardChecking.h; sourceTree = "<group>"; };
		CE1CCF561C7184C1003502C7 /* AwardChecking.m */ = {isa = PBXFileReference; fileEncoding = 4; lastKnownFileType = sourcecode.c.objc; path = AwardChecking.m; sourceTree = "<group>"; };
		CE1CCF581C71AABC003502C7 /* AddBollVCTL.h */ = {isa = PBXFileReference; fileEncoding = 4; lastKnownFileType = sourcecode.c.h; path = AddBollVCTL.h; sourceTree = "<group>"; };
		CE1CCF591C71AABC003502C7 /* AddBollVCTL.m */ = {isa = PBXFileReference; fileEncoding = 4; lastKnownFileType = sourcecode.c.objc; path = AddBollVCTL.m; sourceTree = "<group>"; };
		CE1CCF5A1C71AABC003502C7 /* AddBollVCTL.xib */ = {isa = PBXFileReference; fileEncoding = 4; lastKnownFileType = file.xib; path = AddBollVCTL.xib; sourceTree = "<group>"; };
		CE1CCF5D1C71CEFF003502C7 /* BollCollectionCell.h */ = {isa = PBXFileReference; fileEncoding = 4; lastKnownFileType = sourcecode.c.h; path = BollCollectionCell.h; sourceTree = "<group>"; };
		CE1CCF5E1C71CEFF003502C7 /* BollCollectionCell.m */ = {isa = PBXFileReference; fileEncoding = 4; lastKnownFileType = sourcecode.c.objc; path = BollCollectionCell.m; sourceTree = "<group>"; };
		CE1CCF5F1C71CEFF003502C7 /* BollCollectionCell.xib */ = {isa = PBXFileReference; fileEncoding = 4; lastKnownFileType = file.xib; path = BollCollectionCell.xib; sourceTree = "<group>"; };
		CE4996811C64684800CBBF8F /* Lottery.app */ = {isa = PBXFileReference; explicitFileType = wrapper.application; includeInIndex = 0; path = Lottery.app; sourceTree = BUILT_PRODUCTS_DIR; };
		CE4996851C64684800CBBF8F /* main.m */ = {isa = PBXFileReference; lastKnownFileType = sourcecode.c.objc; path = main.m; sourceTree = "<group>"; };
		CE4996871C64684800CBBF8F /* AppDelegate.h */ = {isa = PBXFileReference; lastKnownFileType = sourcecode.c.h; path = AppDelegate.h; sourceTree = "<group>"; };
		CE4996881C64684800CBBF8F /* AppDelegate.m */ = {isa = PBXFileReference; lastKnownFileType = sourcecode.c.objc; path = AppDelegate.m; sourceTree = "<group>"; };
		CE49968A1C64684800CBBF8F /* ViewController.h */ = {isa = PBXFileReference; lastKnownFileType = sourcecode.c.h; path = ViewController.h; sourceTree = "<group>"; };
		CE49968B1C64684800CBBF8F /* ViewController.m */ = {isa = PBXFileReference; lastKnownFileType = sourcecode.c.objc; path = ViewController.m; sourceTree = "<group>"; };
		CE49968E1C64684800CBBF8F /* Base */ = {isa = PBXFileReference; lastKnownFileType = file.storyboard; name = Base; path = Base.lproj/Main.storyboard; sourceTree = "<group>"; };
		CE4996901C64684800CBBF8F /* Assets.xcassets */ = {isa = PBXFileReference; lastKnownFileType = folder.assetcatalog; path = Assets.xcassets; sourceTree = "<group>"; };
		CE4996931C64684800CBBF8F /* Base */ = {isa = PBXFileReference; lastKnownFileType = file.storyboard; name = Base; path = Base.lproj/LaunchScreen.storyboard; sourceTree = "<group>"; };
		CE4996951C64684800CBBF8F /* Info.plist */ = {isa = PBXFileReference; lastKnownFileType = text.plist.xml; path = Info.plist; sourceTree = "<group>"; };
		CE49969B1C6469D300CBBF8F /* BuyListVCTL.h */ = {isa = PBXFileReference; fileEncoding = 4; lastKnownFileType = sourcecode.c.h; path = BuyListVCTL.h; sourceTree = "<group>"; };
		CE49969C1C6469D300CBBF8F /* BuyListVCTL.m */ = {isa = PBXFileReference; fileEncoding = 4; lastKnownFileType = sourcecode.c.objc; path = BuyListVCTL.m; sourceTree = "<group>"; };
		CE49969D1C6469D300CBBF8F /* BuyListVCTL.xib */ = {isa = PBXFileReference; fileEncoding = 4; lastKnownFileType = file.xib; path = BuyListVCTL.xib; sourceTree = "<group>"; };
		CE4996A01C6469E500CBBF8F /* ResultVCTL.h */ = {isa = PBXFileReference; fileEncoding = 4; lastKnownFileType = sourcecode.c.h; path = ResultVCTL.h; sourceTree = "<group>"; };
		CE4996A11C6469E500CBBF8F /* ResultVCTL.m */ = {isa = PBXFileReference; fileEncoding = 4; lastKnownFileType = sourcecode.c.objc; path = ResultVCTL.m; sourceTree = "<group>"; };
		CE4996A21C6469E500CBBF8F /* ResultVCTL.xib */ = {isa = PBXFileReference; fileEncoding = 4; lastKnownFileType = file.xib; path = ResultVCTL.xib; sourceTree = "<group>"; };
		CE4996A51C646D9700CBBF8F /* BollData.h */ = {isa = PBXFileReference; fileEncoding = 4; lastKnownFileType = sourcecode.c.h; path = BollData.h; sourceTree = "<group>"; };
		CE4996A61C646D9700CBBF8F /* BollData.m */ = {isa = PBXFileReference; fileEncoding = 4; lastKnownFileType = sourcecode.c.objc; path = BollData.m; sourceTree = "<group>"; };
		CE4996A81C64701B00CBBF8F /* BollCell.h */ = {isa = PBXFileReference; fileEncoding = 4; lastKnownFileType = sourcecode.c.h; path = BollCell.h; sourceTree = "<group>"; };
		CE4996A91C64701B00CBBF8F /* BollCell.m */ = {isa = PBXFileReference; fileEncoding = 4; lastKnownFileType = sourcecode.c.objc; path = BollCell.m; sourceTree = "<group>"; };
		CE4996AA1C64701B00CBBF8F /* BollCell.xib */ = {isa = PBXFileReference; fileEncoding = 4; lastKnownFileType = file.xib; path = BollCell.xib; sourceTree = "<group>"; };
		CE87C2D81C7424D50085CC4A /* BollDataMgr.h */ = {isa = PBXFileReference; fileEncoding = 4; lastKnownFileType = sourcecode.c.h; path = BollDataMgr.h; sourceTree = "<group>"; };
		CE87C2D91C7424D50085CC4A /* BollDataMgr.m */ = {isa = PBXFileReference; fileEncoding = 4; lastKnownFileType = sourcecode.c.objc; path = BollDataMgr.m; sourceTree = "<group>"; };
		CECD827E1C73214100EAF9D0 /* FMDatabase.h */ = {isa = PBXFileReference; fileEncoding = 4; lastKnownFileType = sourcecode.c.h; path = FMDatabase.h; sourceTree = "<group>"; };
		CECD827F1C73214200EAF9D0 /* FMDatabase.m */ = {isa = PBXFileReference; fileEncoding = 4; lastKnownFileType = sourcecode.c.objc; path = FMDatabase.m; sourceTree = "<group>"; };
		CECD82801C73214200EAF9D0 /* FMDatabaseAdditions.h */ = {isa = PBXFileReference; fileEncoding = 4; lastKnownFileType = sourcecode.c.h; path = FMDatabaseAdditions.h; sourceTree = "<group>"; };
		CECD82811C73214200EAF9D0 /* FMDatabaseAdditions.m */ = {isa = PBXFileReference; fileEncoding = 4; lastKnownFileType = sourcecode.c.objc; path = FMDatabaseAdditions.m; sourceTree = "<group>"; };
		CECD82821C73214200EAF9D0 /* FMDatabasePool.h */ = {isa = PBXFileReference; fileEncoding = 4; lastKnownFileType = sourcecode.c.h; path = FMDatabasePool.h; sourceTree = "<group>"; };
		CECD82831C73214200EAF9D0 /* FMDatabasePool.m */ = {isa = PBXFileReference; fileEncoding = 4; lastKnownFileType = sourcecode.c.objc; path = FMDatabasePool.m; sourceTree = "<group>"; };
		CECD82841C73214200EAF9D0 /* FMDatabaseQueue.h */ = {isa = PBXFileReference; fileEncoding = 4; lastKnownFileType = sourcecode.c.h; path = FMDatabaseQueue.h; sourceTree = "<group>"; };
		CECD82851C73214200EAF9D0 /* FMDatabaseQueue.m */ = {isa = PBXFileReference; fileEncoding = 4; lastKnownFileType = sourcecode.c.objc; path = FMDatabaseQueue.m; sourceTree = "<group>"; };
		CECD82861C73214200EAF9D0 /* FMDB.h */ = {isa = PBXFileReference; fileEncoding = 4; lastKnownFileType = sourcecode.c.h; path = FMDB.h; sourceTree = "<group>"; };
		CECD82871C73214200EAF9D0 /* FMResultSet.h */ = {isa = PBXFileReference; fileEncoding = 4; lastKnownFileType = sourcecode.c.h; path = FMResultSet.h; sourceTree = "<group>"; };
		CECD82881C73214200EAF9D0 /* FMResultSet.m */ = {isa = PBXFileReference; fileEncoding = 4; lastKnownFileType = sourcecode.c.objc; path = FMResultSet.m; sourceTree = "<group>"; };
		CECD82891C73214200EAF9D0 /* Info.plist */ = {isa = PBXFileReference; fileEncoding = 4; lastKnownFileType = text.plist.xml; path = Info.plist; sourceTree = "<group>"; };
		CECD82901C73221200EAF9D0 /* libsqlite3.0.tbd */ = {isa = PBXFileReference; lastKnownFileType = "sourcecode.text-based-dylib-definition"; name = libsqlite3.0.tbd; path = usr/lib/libsqlite3.0.tbd; sourceTree = SDKROOT; };
		CECD82921C73246400EAF9D0 /* StoreMgr.h */ = {isa = PBXFileReference; fileEncoding = 4; lastKnownFileType = sourcecode.c.h; name = StoreMgr.h; path = ../StoreMgr.h; sourceTree = "<group>"; };
		CECD82931C73246400EAF9D0 /* StoreMgr.m */ = {isa = PBXFileReference; fileEncoding = 4; lastKnownFileType = sourcecode.c.objc; name = StoreMgr.m; path = ../StoreMgr.m; sourceTree = "<group>"; };
/* End PBXFileReference section */

/* Begin PBXFrameworksBuildPhase section */
		CE49967E1C64684800CBBF8F /* Frameworks */ = {
			isa = PBXFrameworksBuildPhase;
			buildActionMask = 2147483647;
			files = (
				CECD82911C73221200EAF9D0 /* libsqlite3.0.tbd in Frameworks */,
			);
			runOnlyForDeploymentPostprocessing = 0;
		};
/* End PBXFrameworksBuildPhase section */

/* Begin PBXGroup section */
		CE4996781C64684800CBBF8F = {
			isa = PBXGroup;
			children = (
				CECD82901C73221200EAF9D0 /* libsqlite3.0.tbd */,
				CE4996831C64684800CBBF8F /* Lottery */,
				CE4996821C64684800CBBF8F /* Products */,
			);
			sourceTree = "<group>";
		};
		CE4996821C64684800CBBF8F /* Products */ = {
			isa = PBXGroup;
			children = (
				CE4996811C64684800CBBF8F /* Lottery.app */,
			);
			name = Products;
			sourceTree = "<group>";
		};
		CE4996831C64684800CBBF8F /* Lottery */ = {
			isa = PBXGroup;
			children = (
				CECD827D1C73214100EAF9D0 /* fmdb */,
				CE4996871C64684800CBBF8F /* AppDelegate.h */,
				CE4996881C64684800CBBF8F /* AppDelegate.m */,
				CE49968A1C64684800CBBF8F /* ViewController.h */,
				CE49968B1C64684800CBBF8F /* ViewController.m */,
				CE49968D1C64684800CBBF8F /* Main.storyboard */,
				CE4996901C64684800CBBF8F /* Assets.xcassets */,
				CE4996921C64684800CBBF8F /* LaunchScreen.storyboard */,
				CE4996951C64684800CBBF8F /* Info.plist */,
				CE4996841C64684800CBBF8F /* Supporting Files */,
				CE49969B1C6469D300CBBF8F /* BuyListVCTL.h */,
				CE49969C1C6469D300CBBF8F /* BuyListVCTL.m */,
				CE49969D1C6469D300CBBF8F /* BuyListVCTL.xib */,
				CE4996A01C6469E500CBBF8F /* ResultVCTL.h */,
				CE4996A11C6469E500CBBF8F /* ResultVCTL.m */,
				CE4996A21C6469E500CBBF8F /* ResultVCTL.xib */,
				CE4996A51C646D9700CBBF8F /* BollData.h */,
				CE4996A61C646D9700CBBF8F /* BollData.m */,
				CE4996A81C64701B00CBBF8F /* BollCell.h */,
				CE4996A91C64701B00CBBF8F /* BollCell.m */,
				CE4996AA1C64701B00CBBF8F /* BollCell.xib */,
				CE1CCF551C7184C1003502C7 /* AwardChecking.h */,
				CE1CCF561C7184C1003502C7 /* AwardChecking.m */,
				CE1CCF581C71AABC003502C7 /* AddBollVCTL.h */,
				CE1CCF591C71AABC003502C7 /* AddBollVCTL.m */,
				CE1CCF5A1C71AABC003502C7 /* AddBollVCTL.xib */,
				CE1CCF5D1C71CEFF003502C7 /* BollCollectionCell.h */,
				CE1CCF5E1C71CEFF003502C7 /* BollCollectionCell.m */,
				CE1CCF5F1C71CEFF003502C7 /* BollCollectionCell.xib */,
				CECD82931C73246400EAF9D0 /* StoreMgr.m */,
				CECD82921C73246400EAF9D0 /* StoreMgr.h */,
				CE87C2D81C7424D50085CC4A /* BollDataMgr.h */,
				CE87C2D91C7424D50085CC4A /* BollDataMgr.m */,
			);
			path = Lottery;
			sourceTree = "<group>";
		};
		CE4996841C64684800CBBF8F /* Supporting Files */ = {
			isa = PBXGroup;
			children = (
				CE4996851C64684800CBBF8F /* main.m */,
			);
			name = "Supporting Files";
			sourceTree = "<group>";
		};
		CECD827D1C73214100EAF9D0 /* fmdb */ = {
			isa = PBXGroup;
			children = (
				CECD827E1C73214100EAF9D0 /* FMDatabase.h */,
				CECD827F1C73214200EAF9D0 /* FMDatabase.m */,
				CECD82801C73214200EAF9D0 /* FMDatabaseAdditions.h */,
				CECD82811C73214200EAF9D0 /* FMDatabaseAdditions.m */,
				CECD82821C73214200EAF9D0 /* FMDatabasePool.h */,
				CECD82831C73214200EAF9D0 /* FMDatabasePool.m */,
				CECD82841C73214200EAF9D0 /* FMDatabaseQueue.h */,
				CECD82851C73214200EAF9D0 /* FMDatabaseQueue.m */,
				CECD82861C73214200EAF9D0 /* FMDB.h */,
				CECD82871C73214200EAF9D0 /* FMResultSet.h */,
				CECD82881C73214200EAF9D0 /* FMResultSet.m */,
				CECD82891C73214200EAF9D0 /* Info.plist */,
			);
			path = fmdb;
			sourceTree = "<group>";
		};
/* End PBXGroup section */

/* Begin PBXNativeTarget section */
		CE4996801C64684800CBBF8F /* Lottery */ = {
			isa = PBXNativeTarget;
			buildConfigurationList = CE4996981C64684800CBBF8F /* Build configuration list for PBXNativeTarget "Lottery" */;
			buildPhases = (
				CE49967D1C64684800CBBF8F /* Sources */,
				CE49967E1C64684800CBBF8F /* Frameworks */,
				CE49967F1C64684800CBBF8F /* Resources */,
			);
			buildRules = (
			);
			dependencies = (
			);
			name = Lottery;
			productName = Lottery;
			productReference = CE4996811C64684800CBBF8F /* Lottery.app */;
			productType = "com.apple.product-type.application";
		};
/* End PBXNativeTarget section */

/* Begin PBXProject section */
		CE4996791C64684800CBBF8F /* Project object */ = {
			isa = PBXProject;
			attributes = {
				LastUpgradeCheck = 0720;
				ORGANIZATIONNAME = user;
				TargetAttributes = {
					CE4996801C64684800CBBF8F = {
						CreatedOnToolsVersion = 7.2;
						DevelopmentTeam = 6URA9L9CB5;
					};
				};
			};
			buildConfigurationList = CE49967C1C64684800CBBF8F /* Build configuration list for PBXProject "Lottery" */;
			compatibilityVersion = "Xcode 3.2";
			developmentRegion = English;
			hasScannedForEncodings = 0;
			knownRegions = (
				en,
				Base,
			);
			mainGroup = CE4996781C64684800CBBF8F;
			productRefGroup = CE4996821C64684800CBBF8F /* Products */;
			projectDirPath = "";
			projectRoot = "";
			targets = (
				CE4996801C64684800CBBF8F /* Lottery */,
			);
		};
/* End PBXProject section */

/* Begin PBXResourcesBuildPhase section */
		CE49967F1C64684800CBBF8F /* Resources */ = {
			isa = PBXResourcesBuildPhase;
			buildActionMask = 2147483647;
			files = (
				CE4996A41C6469E500CBBF8F /* ResultVCTL.xib in Resources */,
				CE4996941C64684800CBBF8F /* LaunchScreen.storyboard in Resources */,
				CECD828F1C73214200EAF9D0 /* Info.plist in Resources */,
				CE49969F1C6469D300CBBF8F /* BuyListVCTL.xib in Resources */,
				CE4996911C64684800CBBF8F /* Assets.xcassets in Resources */,
				CE1CCF611C71CEFF003502C7 /* BollCollectionCell.xib in Resources */,
				CE1CCF5C1C71AABC003502C7 /* AddBollVCTL.xib in Resources */,
				CE4996AC1C64701B00CBBF8F /* BollCell.xib in Resources */,
				CE49968F1C64684800CBBF8F /* Main.storyboard in Resources */,
			);
			runOnlyForDeploymentPostprocessing = 0;
		};
/* End PBXResourcesBuildPhase section */

/* Begin PBXSourcesBuildPhase section */
		CE49967D1C64684800CBBF8F /* Sources */ = {
			isa = PBXSourcesBuildPhase;
			buildActionMask = 2147483647;
			files = (
				CE49968C1C64684800CBBF8F /* ViewController.m in Sources */,
				CE1CCF5B1C71AABC003502C7 /* AddBollVCTL.m in Sources */,
				CECD828C1C73214200EAF9D0 /* FMDatabasePool.m in Sources */,
				CECD828D1C73214200EAF9D0 /* FMDatabaseQueue.m in Sources */,
				CE87C2DA1C7424D50085CC4A /* BollDataMgr.m in Sources */,
				CE1CCF601C71CEFF003502C7 /* BollCollectionCell.m in Sources */,
				CE4996AB1C64701B00CBBF8F /* BollCell.m in Sources */,
				CE4996A31C6469E500CBBF8F /* ResultVCTL.m in Sources */,
				CE49969E1C6469D300CBBF8F /* BuyListVCTL.m in Sources */,
				CECD82941C73246400EAF9D0 /* StoreMgr.m in Sources */,
				CE4996891C64684800CBBF8F /* AppDelegate.m in Sources */,
				CECD828E1C73214200EAF9D0 /* FMResultSet.m in Sources */,
				CE1CCF571C7184C1003502C7 /* AwardChecking.m in Sources */,
				CE4996861C64684800CBBF8F /* main.m in Sources */,
				CECD828A1C73214200EAF9D0 /* FMDatabase.m in Sources */,
				CE4996A71C646D9700CBBF8F /* BollData.m in Sources */,
				CECD828B1C73214200EAF9D0 /* FMDatabaseAdditions.m in Sources */,
			);
			runOnlyForDeploymentPostprocessing = 0;
		};
/* End PBXSourcesBuildPhase section */

/* Begin PBXVariantGroup section */
		CE49968D1C64684800CBBF8F /* Main.storyboard */ = {
			isa = PBXVariantGroup;
			children = (
				CE49968E1C64684800CBBF8F /* Base */,
			);
			name = Main.storyboard;
			sourceTree = "<group>";
		};
		CE4996921C64684800CBBF8F /* LaunchScreen.storyboard */ = {
			isa = PBXVariantGroup;
			children = (
				CE4996931C64684800CBBF8F /* Base */,
			);
			name = LaunchScreen.storyboard;
			sourceTree = "<group>";
		};
/* End PBXVariantGroup section */

/* Begin XCBuildConfiguration section */
		CE4996961C64684800CBBF8F /* Debug */ = {
			isa = XCBuildConfiguration;
			buildSettings = {
				ALWAYS_SEARCH_USER_PATHS = NO;
				CLANG_CXX_LANGUAGE_STANDARD = "gnu++0x";
				CLANG_CXX_LIBRARY = "libc++";
				CLANG_ENABLE_MODULES = YES;
				CLANG_ENABLE_OBJC_ARC = YES;
				CLANG_WARN_BOOL_CONVERSION = YES;
				CLANG_WARN_CONSTANT_CONVERSION = YES;
				CLANG_WARN_DIRECT_OBJC_ISA_USAGE = YES_ERROR;
				CLANG_WARN_EMPTY_BODY = YES;
				CLANG_WARN_ENUM_CONVERSION = YES;
				CLANG_WARN_INT_CONVERSION = YES;
				CLANG_WARN_OBJC_ROOT_CLASS = YES_ERROR;
				CLANG_WARN_UNREACHABLE_CODE = YES;
				CLANG_WARN__DUPLICATE_METHOD_MATCH = YES;
				"CODE_SIGN_IDENTITY[sdk=iphoneos*]" = "iPhone Developer";
				COPY_PHASE_STRIP = NO;
				DEBUG_INFORMATION_FORMAT = dwarf;
				ENABLE_STRICT_OBJC_MSGSEND = YES;
				ENABLE_TESTABILITY = YES;
				GCC_C_LANGUAGE_STANDARD = gnu99;
				GCC_DYNAMIC_NO_PIC = NO;
				GCC_NO_COMMON_BLOCKS = YES;
				GCC_OPTIMIZATION_LEVEL = 0;
				GCC_PREPROCESSOR_DEFINITIONS = (
					"DEBUG=1",
					"$(inherited)",
				);
				GCC_WARN_64_TO_32_BIT_CONVERSION = YES;
				GCC_WARN_ABOUT_RETURN_TYPE = YES_ERROR;
				GCC_WARN_UNDECLARED_SELECTOR = YES;
				GCC_WARN_UNINITIALIZED_AUTOS = YES_AGGRESSIVE;
				GCC_WARN_UNUSED_FUNCTION = YES;
				GCC_WARN_UNUSED_VARIABLE = YES;
				IPHONEOS_DEPLOYMENT_TARGET = 9.2;
				MTL_ENABLE_DEBUG_INFO = YES;
				ONLY_ACTIVE_ARCH = YES;
				SDKROOT = iphoneos;
				TARGETED_DEVICE_FAMILY = "1,2";
			};
			name = Debug;
		};
		CE4996971C64684800CBBF8F /* Release */ = {
			isa = XCBuildConfiguration;
			buildSettings = {
				ALWAYS_SEARCH_USER_PATHS = NO;
				CLANG_CXX_LANGUAGE_STANDARD = "gnu++0x";
				CLANG_CXX_LIBRARY = "libc++";
				CLANG_ENABLE_MODULES = YES;
				CLANG_ENABLE_OBJC_ARC = YES;
				CLANG_WARN_BOOL_CONVERSION = YES;
				CLANG_WARN_CONSTANT_CONVERSION = YES;
				CLANG_WARN_DIRECT_OBJC_ISA_USAGE = YES_ERROR;
				CLANG_WARN_EMPTY_BODY = YES;
				CLANG_WARN_ENUM_CONVERSION = YES;
				CLANG_WARN_INT_CONVERSION = YES;
				CLANG_WARN_OBJC_ROOT_CLASS = YES_ERROR;
				CLANG_WARN_UNREACHABLE_CODE = YES;
				CLANG_WARN__DUPLICATE_METHOD_MATCH = YES;
				"CODE_SIGN_IDENTITY[sdk=iphoneos*]" = "iPhone Developer";
				COPY_PHASE_STRIP = NO;
				DEBUG_INFORMATION_FORMAT = "dwarf-with-dsym";
				ENABLE_NS_ASSERTIONS = NO;
				ENABLE_STRICT_OBJC_MSGSEND = YES;
				GCC_C_LANGUAGE_STANDARD = gnu99;
				GCC_NO_COMMON_BLOCKS = YES;
				GCC_WARN_64_TO_32_BIT_CONVERSION = YES;
				GCC_WARN_ABOUT_RETURN_TYPE = YES_ERROR;
				GCC_WARN_UNDECLARED_SELECTOR = YES;
				GCC_WARN_UNINITIALIZED_AUTOS = YES_AGGRESSIVE;
				GCC_WARN_UNUSED_FUNCTION = YES;
				GCC_WARN_UNUSED_VARIABLE = YES;
				IPHONEOS_DEPLOYMENT_TARGET = 9.2;
				MTL_ENABLE_DEBUG_INFO = NO;
				SDKROOT = iphoneos;
				TARGETED_DEVICE_FAMILY = "1,2";
				VALIDATE_PRODUCT = YES;
			};
			name = Release;
		};
		CE4996991C64684800CBBF8F /* Debug */ = {
			isa = XCBuildConfiguration;
			buildSettings = {
				ASSETCATALOG_COMPILER_APPICON_NAME = AppIcon;
				CODE_SIGN_IDENTITY = "iPhone Developer: Jianfei Chen (K5H3MEFEEM)";
				"CODE_SIGN_IDENTITY[sdk=iphoneos*]" = "iPhone Developer: Jianfei Chen (K5H3MEFEEM)";
				INFOPLIST_FILE = Lottery/Info.plist;
				IPHONEOS_DEPLOYMENT_TARGET = 9.2;
				LD_RUNPATH_SEARCH_PATHS = "$(inherited) @executable_path/Frameworks";
				PRODUCT_BUNDLE_IDENTIFIER = com.ruoogle.gamechat;
				PRODUCT_NAME = "$(TARGET_NAME)";
				PROVISIONING_PROFILE = "8a5ed57c-c3fd-451c-bd5d-2b54639ef892";
			};
			name = Debug;
		};
		CE49969A1C64684800CBBF8F /* Release */ = {
			isa = XCBuildConfiguration;
			buildSettings = {
				ASSETCATALOG_COMPILER_APPICON_NAME = AppIcon;
				CODE_SIGN_IDENTITY = "iPhone Developer";
				"CODE_SIGN_IDENTITY[sdk=iphoneos*]" = "iPhone Developer";
				INFOPLIST_FILE = Lottery/Info.plist;
				IPHONEOS_DEPLOYMENT_TARGET = 9.2;
				LD_RUNPATH_SEARCH_PATHS = "$(inherited) @executable_path/Frameworks";
				PRODUCT_BUNDLE_IDENTIFIER = com.ruoogle.gamechat;
				PRODUCT_NAME = "$(TARGET_NAME)";
				PROVISIONING_PROFILE = "";
			};
			name = Release;
		};
/* End XCBuildConfiguration section */

/* Begin XCConfigurationList section */
		CE49967C1C64684800CBBF8F /* Build configuration list for PBXProject "Lottery" */ = {
			isa = XCConfigurationList;
			buildConfigurations = (
				CE4996961C64684800CBBF8F /* Debug */,
				CE4996971C64684800CBBF8F /* Release */,
			);
			defaultConfigurationIsVisible = 0;
			defaultConfigurationName = Release;
		};
		CE4996981C64684800CBBF8F /* Build configuration list for PBXNativeTarget "Lottery" */ = {
			isa = XCConfigurationList;
			buildConfigurations = (
				CE4996991C64684800CBBF8F /* Debug */,
				CE49969A1C64684800CBBF8F /* Release */,
			);
			defaultConfigurationIsVisible = 0;
			defaultConfigurationName = Release;
		};
/* End XCConfigurationList section */
	};
	rootObject = CE4996791C64684800CBBF8F /* Project object */;
}
